{
  "name": "bh2026-vault-commit",
  "version": "1.0.0",
  "lockfileVersion": 3,
  "requires": true,
  "packages": {
    "": {
      "name": "bh2026-vault-commit",
      "version": "1.0.0",
      "dependencies": {
        "@1password/sdk": "^0.4.1-beta.1"
      },
      "engines": {
        "node": ">=18"
      }
    },
    "node_modules/@1password/sdk": {
      "version": "0.4.1-beta.1",
      "resolved": "https://registry.npmjs.org/@1password/sdk/-/sdk-0.4.1-beta.1.tgz",
      "integrity": "sha512-QWY6eIIEs9at6kAFbgjZ1vVxg7ygp/MwXJ6/BoBdPkqIk8vfulXu4pjDsVQ87HhddJAD5LVGBXSbQIa+svI3bA==",
      "license": "MIT",
      "dependencies": {
        "@1password/sdk-core": "0.4.1-beta.1"
      }
    },
    "node_modules/@1password/sdk-core": {
      "version": "0.4.1-beta.1",
      "resolved": "https://registry.npmjs.org/@1password/sdk-core/-/sdk-core-0.4.1-beta.1.tgz",
      "integrity": "sha512-/otbg1JVhsEn6oUIeReoT9TmFr8J7KBwr9UuRVfJFwwGG3bHPF8ewT+LhRimQeJtypqQ69ZVuOYkxknD4iQHxw==",
      "license": "MIT"
    }
  }
}
